<Solution>
    <Folder Name="/SolutionItems/">
        <File Path=".editorconfig" />
        <File Path=".gitignore" />
        <File Path="AGENTS.md" />
        <File Path="CLAUDE.md" />
        <File Path="Directory.Build.props" />
        <File Path="Directory.Packages.props" />
        <File Path="global.json" />
        <File Path="LICENSE" />
        <File Path="README.md" />
        <File Path="renovate.json" />
        <File Path="BMF.sln.DotSettings" />
    </Folder>
    <Folder Name="/src/">
        <File Path="src/Directory.Build.props" />
        <Project Path="src/Bmf.Abstractions/Bmf.Abstractions.csproj" />
        <Project Path="src/Bmf.Core/Bmf.Core.csproj" />
    </Folder>
    <Folder Name="/benchmarks/">
        <Project Path="benchmarks/Bmf.Benchmarks/Bmf.Benchmarks.csproj" />
    </Folder>
    <Folder Name="/src/Transports/">
        <Project Path="src/Transports/Bmf.Transport.RabbitMq/Bmf.Transport.RabbitMq.csproj" />
    </Folder>
    <Folder Name="/tests/">
        <File Path="tests/AGENTS.md" />
        <File Path="tests/Directory.Build.props" />
        <Project Path="tests/Bmf.Core.Tests/Bmf.Core.Tests.csproj" />
    </Folder>
    <Folder Name="/tests/Transports/">
        <Project Path="tests/Transports/Bmf.Transport.RabbitMq.Tests/Bmf.Transport.RabbitMq.Tests.csproj" />
    </Folder>
</Solution>
